
Microsoft Visual Studio Solution File, Format Version 12.00
# Visual Studio Version 17
VisualStudioVersion = 17.5.002.0
MinimumVisualStudioVersion = 10.0.40219.1
Project("{9A19103F-16F7-4668-BE54-9A1E7A4F7556}") = "DesafioPOO", "DesafioPOO.csproj", "{22EE6702-A144-4818-BD64-4D4AFE7C6B40}"
EndProject
Global
	GlobalSection(SolutionConfigurationPlatforms) = preSolution
		Debug|Any CPU = Debug|Any CPU
		Release|Any CPU = Release|Any CPU
	EndGlobalSection
	GlobalSection(ProjectConfigurationPlatforms) = postSolution
		{22EE6702-A144-4818-BD64-4D4AFE7C6B40}.Debug|Any CPU.ActiveCfg = Debug|Any CPU
		{22EE6702-A144-4818-BD64-4D4AFE7C6B40}.Debug|Any CPU.Build.0 = Debug|Any CPU
		{22EE6702-A144-4818-BD64-4D4AFE7C6B40}.Release|Any CPU.ActiveCfg = Release|Any CPU
		{22EE6702-A144-4818-BD64-4D4AFE7C6B40}.Release|Any CPU.Build.0 = Release|Any CPU
	EndGlobalSection
	GlobalSection(SolutionProperties) = preSolution
		HideSolutionNode = FALSE
	EndGlobalSection
	GlobalSection(ExtensibilityGlobals) = postSolution
		SolutionGuid = {4D1DEED2-B7B7-42C6-B3DE-E9DAA5CCBCEC}
	EndGlobalSection
EndGlobal
